// !$*UTF8*$!
{
	archiveVersion = 1;
	classes = {
	};
	objectVersion = 46;
	objects = {

/* Begin PBXBuildFile section */
		32344C8D1E9F3F8D006B845D /* ResourcePath.mm in Sources */ = {isa = PBXBuildFile; fileRef = 32344C8C1E9F3F8D006B845D /* ResourcePath.mm */; };
		32344C901E9F3F8D006B845D /* main.cpp in Sources */ = {isa = PBXBuildFile; fileRef = 32344C8F1E9F3F8D006B845D /* main.cpp */; };
		32344C931E9F3F8D006B845D /* cute_image.jpg in Resources */ = {isa = PBXBuildFile; fileRef = 32344C921E9F3F8D006B845D /* cute_image.jpg */; };
		32344C951E9F3F8D006B845D /* nice_music.ogg in Resources */ = {isa = PBXBuildFile; fileRef = 32344C941E9F3F8D006B845D /* nice_music.ogg */; };
		32344C971E9F3F8D006B845D /* sansation.ttf in Resources */ = {isa = PBXBuildFile; fileRef = 32344C961E9F3F8D006B845D /* sansation.ttf */; };
		32344C991E9F3F8D006B845D /* icon.png in Resources */ = {isa = PBXBuildFile; fileRef = 32344C981E9F3F8D006B845D /* icon.png */; };
		32344CA11E9F411E006B845D /* Calculator.cpp in Sources */ = {isa = PBXBuildFile; fileRef = 32344CA01E9F411E006B845D /* Calculator.cpp */; };
		324B84EB1EDE756000FA0F62 /* Images.xcassets in Resources */ = {isa = PBXBuildFile; fileRef = 324B84EA1EDE756000FA0F62 /* Images.xcassets */; };
		329C979D1EA5A42B00CD0BF9 /* Integer.cpp in Sources */ = {isa = PBXBuildFile; fileRef = 329C979A1EA5A42B00CD0BF9 /* Integer.cpp */; };
		329C97A11EA72B6100CD0BF9 /* Decimal.cpp in Sources */ = {isa = PBXBuildFile; fileRef = 329C979F1EA72B6100CD0BF9 /* Decimal.cpp */; };
		32A550161ED8279900667926 /* Complex.cpp in Sources */ = {isa = PBXBuildFile; fileRef = 32A550151ED8279900667926 /* Complex.cpp */; };
/* End PBXBuildFile section */

/* Begin PBXFileReference section */
		32344C871E9F3F8D006B845D /* Calculator.app */ = {isa = PBXFileReference; explicitFileType = wrapper.application; includeInIndex = 0; path = Calculator.app; sourceTree = BUILT_PRODUCTS_DIR; };
		32344C8B1E9F3F8D006B845D /* Calculator-Info.plist */ = {isa = PBXFileReference; lastKnownFileType = text.plist.xml; path = "Calculator-Info.plist"; sourceTree = "<group>"; };
		32344C8C1E9F3F8D006B845D /* ResourcePath.mm */ = {isa = PBXFileReference; lastKnownFileType = sourcecode.cpp.objcpp; path = ResourcePath.mm; sourceTree = "<group>"; };
		32344C8E1E9F3F8D006B845D /* ResourcePath.hpp */ = {isa = PBXFileReference; lastKnownFileType = sourcecode.cpp.h; path = ResourcePath.hpp; sourceTree = "<group>"; };
		32344C8F1E9F3F8D006B845D /* main.cpp */ = {isa = PBXFileReference; lastKnownFileType = sourcecode.cpp.cpp; path = main.cpp; sourceTree = "<group>"; };
		32344C921E9F3F8D006B845D /* cute_image.jpg */ = {isa = PBXFileReference; lastKnownFileType = image.jpeg; path = cute_image.jpg; sourceTree = "<group>"; };
		32344C941E9F3F8D006B845D /* nice_music.ogg */ = {isa = PBXFileReference; lastKnownFileType = file; path = nice_music.ogg; sourceTree = "<group>"; };
		32344C961E9F3F8D006B845D /* sansation.ttf */ = {isa = PBXFileReference; lastKnownFileType = file; path = sansation.ttf; sourceTree = "<group>"; };
		32344C981E9F3F8D006B845D /* icon.png */ = {isa = PBXFileReference; lastKnownFileType = image.png; path = icon.png; sourceTree = "<group>"; };
		32344C9F1E9F40BB006B845D /* Calculator.h */ = {isa = PBXFileReference; lastKnownFileType = sourcecode.c.h; path = Calculator.h; sourceTree = "<group>"; };
		32344CA01E9F411E006B845D /* Calculator.cpp */ = {isa = PBXFileReference; fileEncoding = 4; lastKnownFileType = sourcecode.cpp.cpp; path = Calculator.cpp; sourceTree = "<group>"; };
		324B84EA1EDE756000FA0F62 /* Images.xcassets */ = {isa = PBXFileReference; lastKnownFileType = folder.assetcatalog; path = Images.xcassets; sourceTree = "<group>"; };
		329C97991EA5A42B00CD0BF9 /* NumberObject.h */ = {isa = PBXFileReference; fileEncoding = 4; lastKnownFileType = sourcecode.c.h; path = NumberObject.h; sourceTree = "<group>"; };
		329C979A1EA5A42B00CD0BF9 /* Integer.cpp */ = {isa = PBXFileReference; fileEncoding = 4; lastKnownFileType = sourcecode.cpp.cpp; path = Integer.cpp; sourceTree = "<group>"; };
		329C979B1EA5A42B00CD0BF9 /* Integer.h */ = {isa = PBXFileReference; fileEncoding = 4; lastKnownFileType = sourcecode.c.h; path = Integer.h; sourceTree = "<group>"; };
		329C979F1EA72B6100CD0BF9 /* Decimal.cpp */ = {isa = PBXFileReference; fileEncoding = 4; lastKnownFileType = sourcecode.cpp.cpp; path = Decimal.cpp; sourceTree = "<group>"; };
		329C97A01EA72B6100CD0BF9 /* Decimal.h */ = {isa = PBXFileReference; fileEncoding = 4; lastKnownFileType = sourcecode.c.h; path = Decimal.h; sourceTree = "<group>"; };
		32A550141ED8279900667926 /* Complex.h */ = {isa = PBXFileReference; fileEncoding = 4; lastKnownFileType = sourcecode.c.h; path = Complex.h; sourceTree = "<group>"; };
		32A550151ED8279900667926 /* Complex.cpp */ = {isa = PBXFileReference; fileEncoding = 4; lastKnownFileType = sourcecode.cpp.cpp; path = Complex.cpp; sourceTree = "<group>"; };
/* End PBXFileReference section */

/* Begin PBXFrameworksBuildPhase section */
		32344C831E9F3F8D006B845D /* Frameworks */ = {
			isa = PBXFrameworksBuildPhase;
			buildActionMask = 2147483647;
			files = (
			);
			runOnlyForDeploymentPostprocessing = 0;
		};
/* End PBXFrameworksBuildPhase section */

/* Begin PBXGroup section */
		32344C7D1E9F3F8D006B845D = {
			isa = PBXGroup;
			children = (
				32344C891E9F3F8D006B845D /* Calculator */,
				32344C881E9F3F8D006B845D /* Products */,
			);
			sourceTree = "<group>";
		};
		32344C881E9F3F8D006B845D /* Products */ = {
			isa = PBXGroup;
			children = (
				32344C871E9F3F8D006B845D /* Calculator.app */,
			);
			name = Products;
			sourceTree = "<group>";
		};
		32344C891E9F3F8D006B845D /* Calculator */ = {
			isa = PBXGroup;
			children = (
				32344C8C1E9F3F8D006B845D /* ResourcePath.mm */,
				32344C8E1E9F3F8D006B845D /* ResourcePath.hpp */,
				32344C8F1E9F3F8D006B845D /* main.cpp */,
				32344C911E9F3F8D006B845D /* Resources */,
				32344C8A1E9F3F8D006B845D /* Supporting Files */,
				32344C9F1E9F40BB006B845D /* Calculator.h */,
				329C979F1EA72B6100CD0BF9 /* Decimal.cpp */,
				32A550141ED8279900667926 /* Complex.h */,
				32A550151ED8279900667926 /* Complex.cpp */,
				329C97A01EA72B6100CD0BF9 /* Decimal.h */,
				329C97991EA5A42B00CD0BF9 /* NumberObject.h */,
				329C979A1EA5A42B00CD0BF9 /* Integer.cpp */,
				329C979B1EA5A42B00CD0BF9 /* Integer.h */,
				32344CA01E9F411E006B845D /* Calculator.cpp */,
				324B84EA1EDE756000FA0F62 /* Images.xcassets */,
			);
			path = Calculator;
			sourceTree = "<group>";
		};
		32344C8A1E9F3F8D006B845D /* Supporting Files */ = {
			isa = PBXGroup;
			children = (
				32344C8B1E9F3F8D006B845D /* Calculator-Info.plist */,
			);
			name = "Supporting Files";
			sourceTree = "<group>";
		};
		32344C911E9F3F8D006B845D /* Resources */ = {
			isa = PBXGroup;
			children = (
				32344C921E9F3F8D006B845D /* cute_image.jpg */,
				32344C941E9F3F8D006B845D /* nice_music.ogg */,
				32344C961E9F3F8D006B845D /* sansation.ttf */,
				32344C981E9F3F8D006B845D /* icon.png */,
			);
			name = Resources;
			sourceTree = "<group>";
		};
/* End PBXGroup section */

/* Begin PBXNativeTarget section */
		32344C861E9F3F8D006B845D /* Calculator */ = {
			isa = PBXNativeTarget;
			buildConfigurationList = 32344C9C1E9F3F8D006B845D /* Build configuration list for PBXNativeTarget "Calculator" */;
			buildPhases = (
				32344C821E9F3F8D006B845D /* Sources */,
				32344C831E9F3F8D006B845D /* Frameworks */,
				32344C841E9F3F8D006B845D /* Resources */,
				32344C851E9F3F8D006B845D /* ShellScript */,
			);
			buildRules = (
			);
			dependencies = (
			);
			name = Calculator;
			productName = Calculator;
			productReference = 32344C871E9F3F8D006B845D /* Calculator.app */;
			productType = "com.apple.product-type.application";
		};
/* End PBXNativeTarget section */

/* Begin PBXProject section */
		32344C7E1E9F3F8D006B845D /* Project object */ = {
			isa = PBXProject;
			attributes = {
				LastUpgradeCheck = 0830;
				ORGANIZATIONNAME = Bruce;
				TargetAttributes = {
					32344C861E9F3F8D006B845D = {
						CreatedOnToolsVersion = 8.3.1;
						ProvisioningStyle = Automatic;
					};
				};
			};
			buildConfigurationList = 32344C811E9F3F8D006B845D /* Build configuration list for PBXProject "Calculator" */;
			compatibilityVersion = "Xcode 3.2";
			developmentRegion = English;
			hasScannedForEncodings = 0;
			knownRegions = (
				en,
			);
			mainGroup = 32344C7D1E9F3F8D006B845D;
			productRefGroup = 32344C881E9F3F8D006B845D /* Products */;
			projectDirPath = "";
			projectRoot = "";
			targets = (
				32344C861E9F3F8D006B845D /* Calculator */,
			);
		};
/* End PBXProject section */

/* Begin PBXResourcesBuildPhase section */
		32344C841E9F3F8D006B845D /* Resources */ = {
			isa = PBXResourcesBuildPhase;
			buildActionMask = 2147483647;
			files = (
				32344C991E9F3F8D006B845D /* icon.png in Resources */,
				324B84EB1EDE756000FA0F62 /* Images.xcassets in Resources */,
				32344C971E9F3F8D006B845D /* sansation.ttf in Resources */,
				32344C951E9F3F8D006B845D /* nice_music.ogg in Resources */,
				32344C931E9F3F8D006B845D /* cute_image.jpg in Resources */,
			);
			runOnlyForDeploymentPostprocessing = 0;
		};
/* End PBXResourcesBuildPhase section */

/* Begin PBXShellScriptBuildPhase section */
		32344C851E9F3F8D006B845D /* ShellScript */ = {
			isa = PBXShellScriptBuildPhase;
			buildActionMask = 2147483647;
			files = (
			);
			inputPaths = (
			);
			outputPaths = (
			);
			runOnlyForDeploymentPostprocessing = 0;
			shellPath = /bin/sh;
			shellScript = "# This shell script simply copies required SFML dylibs/frameworks into the application bundle frameworks folder.\n# If you're using static libraries (which is not recommended) you should remove this script from your project.\n\n# SETTINGS\nCMAKE_INSTALL_FRAMEWORK_PREFIX=\"/Library/Frameworks\"\nCMAKE_INSTALL_LIB_PREFIX=\"/usr/local/lib\"\nFRAMEWORKS_FULL_PATH=\"$BUILT_PRODUCTS_DIR/$FRAMEWORKS_FOLDER_PATH/\"\n\n# Are we building a project that uses frameworks or dylibs?\ncase \"$SFML_BINARY_TYPE\" in\n    DYLIBS)\n        frameworks=\"false\"\n        ;;\n    *)\n        frameworks=\"true\"\n        ;;\nesac\n\n# Echoes to stderr\nerror () # $* message to display\n{\n    echo $* 1>&2\n    exit 2\n}\n\nassert () # $1 is a boolean, $2...N is an error message\n{\n    if [ $# -lt 2 ]\n    then\n        error \"Internal error in assert: not enough args\"\n    fi\n\n    if [ $1 -ne 0 ]\n    then\n        shift\n        error \"$*\"\n    fi\n}\n\nforce_remove () # $@ is some paths\n{\n    test $# -ge 1\n    assert $? \"force_remove() requires at least one parameter\"\n    rm -fr $@\n    assert $? \"couldn't remove $@\"\n}\n\ncopy () # $1 is a source, $2 is a destination\n{\n    test $# -eq 2\n    assert $? \"copy() requires two parameters\"\n    ditto \"$1\" \"$2\"\n    assert $? \"couldn't copy $1 to $2\"\n}\n\nrequire () # $1 is a SFML module like 'system' or 'audio'\n{\n    dest=\"$BUILT_PRODUCTS_DIR/$FRAMEWORKS_FOLDER_PATH/\"\n\n    if [ -z \"$1\" ]\n    then\n        error \"require() requires one parameter!\"\n    else\n        # clean potentially old stuff\n        force_remove \"$dest/libsfml-$1\"*\n        force_remove \"$dest/sfml-$1.framework\"\n\n        # copy SFML libraries\n        if [ \"$frameworks\" = \"true\" ]\n        then\n            source=\"$CMAKE_INSTALL_FRAMEWORK_PREFIX/sfml-$1.framework\"\n            target=\"sfml-$1.framework\"\n        elif [ \"$SFML_LINK_DYLIBS_SUFFIX\" = \"-d\" ]\n        then\n            source=\"$CMAKE_INSTALL_LIB_PREFIX/libsfml-$1-d.dylib\"\n            target=\"`readlink $source`\"\n        else\n            source=\"$CMAKE_INSTALL_LIB_PREFIX/libsfml-$1.dylib\"\n            target=\"`readlink $source`\"\n        fi\n\n        copy \"$source\" \"$dest/$target\"\n\n        # copy extra dependencies\n        if [ \"$1\" = \"audio\" ]\n        then\n            # copy \"FLAC\" \"ogg\" \"vorbis\" \"vorbisenc\" \"vorbisfile\" \"OpenAL\" frameworks too\n            for f in \"FLAC\" \"ogg\" \"vorbis\" \"vorbisenc\" \"vorbisfile\" \"OpenAL\"\n            do\n                copy \"$CMAKE_INSTALL_FRAMEWORK_PREFIX/$f.framework\" \"$dest/$f.framework\"\n            done\n        elif [ \"$1\" = \"graphics\" ]\n        then\n            copy \"$CMAKE_INSTALL_FRAMEWORK_PREFIX/freetype.framework\" \"$dest/freetype.framework\"\n        fi\n    fi\n}\n\nif [ -n \"$SFML_SYSTEM\" ]\nthen\n    require \"system\"\nfi\n\nif [ -n \"$SFML_AUDIO\" ]\nthen\n    require \"audio\"\nfi\n\nif [ -n \"$SFML_NETWORK\" ]\nthen\n    require \"network\"\nfi\n\nif [ -n \"$SFML_WINDOW\" ]\nthen\n    require \"window\"\nfi\n\nif [ -n \"$SFML_GRAPHICS\" ]\nthen\n    require \"graphics\"\nfi\n\n                ";
		};
/* End PBXShellScriptBuildPhase section */

/* Begin PBXSourcesBuildPhase section */
		32344C821E9F3F8D006B845D /* Sources */ = {
			isa = PBXSourcesBuildPhase;
			buildActionMask = 2147483647;
			files = (
				32A550161ED8279900667926 /* Complex.cpp in Sources */,
				32344CA11E9F411E006B845D /* Calculator.cpp in Sources */,
				32344C901E9F3F8D006B845D /* main.cpp in Sources */,
				329C979D1EA5A42B00CD0BF9 /* Integer.cpp in Sources */,
				329C97A11EA72B6100CD0BF9 /* Decimal.cpp in Sources */,
				32344C8D1E9F3F8D006B845D /* ResourcePath.mm in Sources */,
			);
			runOnlyForDeploymentPostprocessing = 0;
		};
/* End PBXSourcesBuildPhase section */

/* Begin XCBuildConfiguration section */
		32344C9A1E9F3F8D006B845D /* Debug */ = {
			isa = XCBuildConfiguration;
			buildSettings = {
				ARCHS = "$(NATIVE_ARCH_ACTUAL)";
				CLANG_CXX_LANGUAGE_STANDARD = "c++0x";
				CLANG_CXX_LIBRARY = "libc++";
				FRAMEWORK_SEARCH_PATHS = (
					/Library/Frameworks/,
					"$(inherited)",
				);
				GCC_VERSION = com.apple.compilers.llvm.clang.1_0;
				HEADER_SEARCH_PATHS = (
					/usr/local/include/,
					"$(inherited)",
				);
				LIBRARY_SEARCH_PATHS = (
					/usr/local/lib/,
					"$(inherited)",
				);
				MACOSX_DEPLOYMENT_TARGET = 10.7;
				OTHER_LDFLAGS = (
					"$(inherited)",
					"$(SFML_SYSTEM)",
					"$(SFML_WINDOW)",
					"$(SFML_GRAPHICS)",
					"$(SFML_AUDIO)",
					"$(SFML_NETWORK)",
				);
				SFML_AUDIO = "$(SFML_LINK_PREFIX) sfml-audio$(SFML_LINK_SUFFIX)";
				SFML_BINARY_TYPE = FRAMEWORKS;
				SFML_GRAPHICS = "$(SFML_LINK_PREFIX) sfml-graphics$(SFML_LINK_SUFFIX)";
				SFML_LINK_DYLIBS_PREFIX = "-l";
				SFML_LINK_DYLIBS_SUFFIX = "";
				SFML_LINK_FRAMEWORKS_PREFIX = "-framework";
				SFML_LINK_FRAMEWORKS_SUFFIX = "";
				SFML_LINK_PREFIX = "$(SFML_LINK_$(SFML_BINARY_TYPE)_PREFIX)";
				SFML_LINK_SUFFIX = "$(SFML_LINK_$(SFML_BINARY_TYPE)_SUFFIX)";
				SFML_NETWORK = "$(SFML_LINK_PREFIX) sfml-network$(SFML_LINK_SUFFIX)";
				SFML_SYSTEM = "$(SFML_LINK_PREFIX) sfml-system$(SFML_LINK_SUFFIX)";
				SFML_WINDOW = "$(SFML_LINK_PREFIX) sfml-window$(SFML_LINK_SUFFIX)";
				SUPPORTED_PLATFORMS = macosx;
			};
			name = Debug;
		};
		32344C9B1E9F3F8D006B845D /* Release */ = {
			isa = XCBuildConfiguration;
			buildSettings = {
				ARCHS = "$(NATIVE_ARCH_ACTUAL)";
				CLANG_CXX_LANGUAGE_STANDARD = "c++0x";
				CLANG_CXX_LIBRARY = "libc++";
				FRAMEWORK_SEARCH_PATHS = (
					/Library/Frameworks/,
					"$(inherited)",
				);
				GCC_VERSION = com.apple.compilers.llvm.clang.1_0;
				HEADER_SEARCH_PATHS = (
					/usr/local/include/,
					"$(inherited)",
				);
				LIBRARY_SEARCH_PATHS = (
					/usr/local/lib/,
					"$(inherited)",
				);
				MACOSX_DEPLOYMENT_TARGET = 10.7;
				OTHER_LDFLAGS = (
					"$(inherited)",
					"$(SFML_SYSTEM)",
					"$(SFML_WINDOW)",
					"$(SFML_GRAPHICS)",
					"$(SFML_AUDIO)",
					"$(SFML_NETWORK)",
				);
				SFML_AUDIO = "$(SFML_LINK_PREFIX) sfml-audio$(SFML_LINK_SUFFIX)";
				SFML_BINARY_TYPE = FRAMEWORKS;
				SFML_GRAPHICS = "$(SFML_LINK_PREFIX) sfml-graphics$(SFML_LINK_SUFFIX)";
				SFML_LINK_DYLIBS_PREFIX = "-l";
				SFML_LINK_DYLIBS_SUFFIX = "";
				SFML_LINK_FRAMEWORKS_PREFIX = "-framework";
				SFML_LINK_FRAMEWORKS_SUFFIX = "";
				SFML_LINK_PREFIX = "$(SFML_LINK_$(SFML_BINARY_TYPE)_PREFIX)";
				SFML_LINK_SUFFIX = "$(SFML_LINK_$(SFML_BINARY_TYPE)_SUFFIX)";
				SFML_NETWORK = "$(SFML_LINK_PREFIX) sfml-network$(SFML_LINK_SUFFIX)";
				SFML_SYSTEM = "$(SFML_LINK_PREFIX) sfml-system$(SFML_LINK_SUFFIX)";
				SFML_WINDOW = "$(SFML_LINK_PREFIX) sfml-window$(SFML_LINK_SUFFIX)";
				SUPPORTED_PLATFORMS = macosx;
			};
			name = Release;
		};
		32344C9D1E9F3F8D006B845D /* Debug */ = {
			isa = XCBuildConfiguration;
			buildSettings = {
				ASSETCATALOG_COMPILER_APPICON_NAME = AppIcon;
				INFOPLIST_FILE = "Calculator/Calculator-Info.plist";
				LD_RUNPATH_SEARCH_PATHS = "@loader_path/../Frameworks";
				PRODUCT_NAME = "$(TARGET_NAME)";
			};
			name = Debug;
		};
		32344C9E1E9F3F8D006B845D /* Release */ = {
			isa = XCBuildConfiguration;
			buildSettings = {
				ASSETCATALOG_COMPILER_APPICON_NAME = AppIcon;
				INFOPLIST_FILE = "Calculator/Calculator-Info.plist";
				LD_RUNPATH_SEARCH_PATHS = "@loader_path/../Frameworks";
				PRODUCT_NAME = "$(TARGET_NAME)";
			};
			name = Release;
		};
/* End XCBuildConfiguration section */

/* Begin XCConfigurationList section */
		32344C811E9F3F8D006B845D /* Build configuration list for PBXProject "Calculator" */ = {
			isa = XCConfigurationList;
			buildConfigurations = (
				32344C9A1E9F3F8D006B845D /* Debug */,
				32344C9B1E9F3F8D006B845D /* Release */,
			);
			defaultConfigurationIsVisible = 0;
			defaultConfigurationName = Release;
		};
		32344C9C1E9F3F8D006B845D /* Build configuration list for PBXNativeTarget "Calculator" */ = {
			isa = XCConfigurationList;
			buildConfigurations = (
				32344C9D1E9F3F8D006B845D /* Debug */,
				32344C9E1E9F3F8D006B845D /* Release */,
			);
			defaultConfigurationIsVisible = 0;
			defaultConfigurationName = Release;
		};
/* End XCConfigurationList section */
	};
	rootObject = 32344C7E1E9F3F8D006B845D /* Project object */;
}
